
Microsoft Visual Studio Solution File, Format Version 12.00
# Visual Studio 14
VisualStudioVersion = 14.0.25420.1
MinimumVisualStudioVersion = 10.0.40219.1
Project("{FAE04EC0-301F-11D3-BF4B-00C04F79EFBC}") = "MeetAndGit.Android", "MeetAndGit\MeetAndGit.Android\MeetAndGit.Android.csproj", "{4C357EB3-A1AB-42FF-ACED-C54AA220DA6E}"
EndProject
Project("{FAE04EC0-301F-11D3-BF4B-00C04F79EFBC}") = "MeetAndGit", "MeetAndGit\MeetAndGit\MeetAndGit.csproj", "{3244096E-DC26-4371-A232-27B6D09C1D33}"
EndProject
Project("{FAE04EC0-301F-11D3-BF4B-00C04F79EFBC}") = "MeetAndGit.UWP", "MeetAndGit\MeetAndGit.UWP\MeetAndGit.UWP.csproj", "{031D8782-E742-41A4-9D29-B0E41DDBE91B}"
EndProject
Project("{FAE04EC0-301F-11D3-BF4B-00C04F79EFBC}") = "MeetAndGit.iOS", "MeetAndGit\MeetAndGit.iOS\MeetAndGit.iOS.csproj", "{F6090A42-241D-4A79-B40C-60B59F772401}"
EndProject
Global
	GlobalSection(SolutionConfigurationPlatforms) = preSolution
		Ad-Hoc|Any CPU = Ad-Hoc|Any CPU
		Ad-Hoc|ARM = Ad-Hoc|ARM
		Ad-Hoc|iPhone = Ad-Hoc|iPhone
		Ad-Hoc|iPhoneSimulator = Ad-Hoc|iPhoneSimulator
		Ad-Hoc|x64 = Ad-Hoc|x64
		Ad-Hoc|x86 = Ad-Hoc|x86
		AppStore|Any CPU = AppStore|Any CPU
		AppStore|ARM = AppStore|ARM
		AppStore|iPhone = AppStore|iPhone
		AppStore|iPhoneSimulator = AppStore|iPhoneSimulator
		AppStore|x64 = AppStore|x64
		AppStore|x86 = AppStore|x86
		Debug|Any CPU = Debug|Any CPU
		Debug|ARM = Debug|ARM
		Debug|iPhone = Debug|iPhone
		Debug|iPhoneSimulator = Debug|iPhoneSimulator
		Debug|x64 = Debug|x64
		Debug|x86 = Debug|x86
		Release|Any CPU = Release|Any CPU
		Release|ARM = Release|ARM
		Release|iPhone = Release|iPhone
		Release|iPhoneSimulator = Release|iPhoneSimulator
		Release|x64 = Release|x64
		Release|x86 = Release|x86
	EndGlobalSection
	GlobalSection(ProjectConfigurationPlatforms) = postSolution
		{4C357EB3-A1AB-42FF-ACED-C54AA220DA6E}.Ad-Hoc|Any CPU.ActiveCfg = Release|Any CPU
		{4C357EB3-A1AB-42FF-ACED-C54AA220DA6E}.Ad-Hoc|Any CPU.Build.0 = Release|Any CPU
		{4C357EB3-A1AB-42FF-ACED-C54AA220DA6E}.Ad-Hoc|Any CPU.Deploy.0 = Release|Any CPU
		{4C357EB3-A1AB-42FF-ACED-C54AA220DA6E}.Ad-Hoc|ARM.ActiveCfg = Release|Any CPU
		{4C357EB3-A1AB-42FF-ACED-C54AA220DA6E}.Ad-Hoc|ARM.Build.0 = Release|Any CPU
		{4C357EB3-A1AB-42FF-ACED-C54AA220DA6E}.Ad-Hoc|ARM.Deploy.0 = Release|Any CPU
		{4C357EB3-A1AB-42FF-ACED-C54AA220DA6E}.Ad-Hoc|iPhone.ActiveCfg = Release|Any CPU
		{4C357EB3-A1AB-42FF-ACED-C54AA220DA6E}.Ad-Hoc|iPhone.Build.0 = Release|Any CPU
		{4C357EB3-A1AB-42FF-ACED-C54AA220DA6E}.Ad-Hoc|iPhone.Deploy.0 = Release|Any CPU
		{4C357EB3-A1AB-42FF-ACED-C54AA220DA6E}.Ad-Hoc|iPhoneSimulator.ActiveCfg = Release|Any CPU
		{4C357EB3-A1AB-42FF-ACED-C54AA220DA6E}.Ad-Hoc|iPhoneSimulator.Build.0 = Release|Any CPU
		{4C357EB3-A1AB-42FF-ACED-C54AA220DA6E}.Ad-Hoc|iPhoneSimulator.Deploy.0 = Release|Any CPU
		{4C357EB3-A1AB-42FF-ACED-C54AA220DA6E}.Ad-Hoc|x64.ActiveCfg = Release|Any CPU
		{4C357EB3-A1AB-42FF-ACED-C54AA220DA6E}.Ad-Hoc|x64.Build.0 = Release|Any CPU
		{4C357EB3-A1AB-42FF-ACED-C54AA220DA6E}.Ad-Hoc|x64.Deploy.0 = Release|Any CPU
		{4C357EB3-A1AB-42FF-ACED-C54AA220DA6E}.Ad-Hoc|x86.ActiveCfg = Release|Any CPU
		{4C357EB3-A1AB-42FF-ACED-C54AA220DA6E}.Ad-Hoc|x86.Build.0 = Release|Any CPU
		{4C357EB3-A1AB-42FF-ACED-C54AA220DA6E}.Ad-Hoc|x86.Deploy.0 = Release|Any CPU
		{4C357EB3-A1AB-42FF-ACED-C54AA220DA6E}.AppStore|Any CPU.ActiveCfg = Release|Any CPU
		{4C357EB3-A1AB-42FF-ACED-C54AA220DA6E}.AppStore|Any CPU.Build.0 = Release|Any CPU
		{4C357EB3-A1AB-42FF-ACED-C54AA220DA6E}.AppStore|Any CPU.Deploy.0 = Release|Any CPU
		{4C357EB3-A1AB-42FF-ACED-C54AA220DA6E}.AppStore|ARM.ActiveCfg = Release|Any CPU
		{4C357EB3-A1AB-42FF-ACED-C54AA220DA6E}.AppStore|ARM.Build.0 = Release|Any CPU
		{4C357EB3-A1AB-42FF-ACED-C54AA220DA6E}.AppStore|ARM.Deploy.0 = Release|Any CPU
		{4C357EB3-A1AB-42FF-ACED-C54AA220DA6E}.AppStore|iPhone.ActiveCfg = Release|Any CPU
		{4C357EB3-A1AB-42FF-ACED-C54AA220DA6E}.AppStore|iPhone.Build.0 = Release|Any CPU
		{4C357EB3-A1AB-42FF-ACED-C54AA220DA6E}.AppStore|iPhone.Deploy.0 = Release|Any CPU
		{4C357EB3-A1AB-42FF-ACED-C54AA220DA6E}.AppStore|iPhoneSimulator.ActiveCfg = Release|Any CPU
		{4C357EB3-A1AB-42FF-ACED-C54AA220DA6E}.AppStore|iPhoneSimulator.Build.0 = Release|Any CPU
		{4C357EB3-A1AB-42FF-ACED-C54AA220DA6E}.AppStore|iPhoneSimulator.Deploy.0 = Release|Any CPU
		{4C357EB3-A1AB-42FF-ACED-C54AA220DA6E}.AppStore|x64.ActiveCfg = Release|Any CPU
		{4C357EB3-A1AB-42FF-ACED-C54AA220DA6E}.AppStore|x64.Build.0 = Release|Any CPU
		{4C357EB3-A1AB-42FF-ACED-C54AA220DA6E}.AppStore|x64.Deploy.0 = Release|Any CPU
		{4C357EB3-A1AB-42FF-ACED-C54AA220DA6E}.AppStore|x86.ActiveCfg = Release|Any CPU
		{4C357EB3-A1AB-42FF-ACED-C54AA220DA6E}.AppStore|x86.Build.0 = Release|Any CPU
		{4C357EB3-A1AB-42FF-ACED-C54AA220DA6E}.AppStore|x86.Deploy.0 = Release|Any CPU
		{4C357EB3-A1AB-42FF-ACED-C54AA220DA6E}.Debug|Any CPU.ActiveCfg = Debug|Any CPU
		{4C357EB3-A1AB-42FF-ACED-C54AA220DA6E}.Debug|Any CPU.Build.0 = Debug|Any CPU
		{4C357EB3-A1AB-42FF-ACED-C54AA220DA6E}.Debug|Any CPU.Deploy.0 = Debug|Any CPU
		{4C357EB3-A1AB-42FF-ACED-C54AA220DA6E}.Debug|ARM.ActiveCfg = Debug|Any CPU
		{4C357EB3-A1AB-42FF-ACED-C54AA220DA6E}.Debug|ARM.Build.0 = Debug|Any CPU
		{4C357EB3-A1AB-42FF-ACED-C54AA220DA6E}.Debug|ARM.Deploy.0 = Debug|Any CPU
		{4C357EB3-A1AB-42FF-ACED-C54AA220DA6E}.Debug|iPhone.ActiveCfg = Debug|Any CPU
		{4C357EB3-A1AB-42FF-ACED-C54AA220DA6E}.Debug|iPhone.Build.0 = Debug|Any CPU
		{4C357EB3-A1AB-42FF-ACED-C54AA220DA6E}.Debug|iPhone.Deploy.0 = Debug|Any CPU
		{4C357EB3-A1AB-42FF-ACED-C54AA220DA6E}.Debug|iPhoneSimulator.ActiveCfg = Debug|Any CPU
		{4C357EB3-A1AB-42FF-ACED-C54AA220DA6E}.Debug|iPhoneSimulator.Build.0 = Debug|Any CPU
		{4C357EB3-A1AB-42FF-ACED-C54AA220DA6E}.Debug|iPhoneSimulator.Deploy.0 = Debug|Any CPU
		{4C357EB3-A1AB-42FF-ACED-C54AA220DA6E}.Debug|x64.ActiveCfg = Debug|Any CPU
		{4C357EB3-A1AB-42FF-ACED-C54AA220DA6E}.Debug|x64.Build.0 = Debug|Any CPU
		{4C357EB3-A1AB-42FF-ACED-C54AA220DA6E}.Debug|x64.Deploy.0 = Debug|Any CPU
		{4C357EB3-A1AB-42FF-ACED-C54AA220DA6E}.Debug|x86.ActiveCfg = Debug|Any CPU
		{4C357EB3-A1AB-42FF-ACED-C54AA220DA6E}.Debug|x86.Build.0 = Debug|Any CPU
		{4C357EB3-A1AB-42FF-ACED-C54AA220DA6E}.Debug|x86.Deploy.0 = Debug|Any CPU
		{4C357EB3-A1AB-42FF-ACED-C54AA220DA6E}.Release|Any CPU.ActiveCfg = Release|Any CPU
		{4C357EB3-A1AB-42FF-ACED-C54AA220DA6E}.Release|Any CPU.Build.0 = Release|Any CPU
		{4C357EB3-A1AB-42FF-ACED-C54AA220DA6E}.Release|Any CPU.Deploy.0 = Release|Any CPU
		{4C357EB3-A1AB-42FF-ACED-C54AA220DA6E}.Release|ARM.ActiveCfg = Release|Any CPU
		{4C357EB3-A1AB-42FF-ACED-C54AA220DA6E}.Release|ARM.Build.0 = Release|Any CPU
		{4C357EB3-A1AB-42FF-ACED-C54AA220DA6E}.Release|ARM.Deploy.0 = Release|Any CPU
		{4C357EB3-A1AB-42FF-ACED-C54AA220DA6E}.Release|iPhone.ActiveCfg = Release|Any CPU
		{4C357EB3-A1AB-42FF-ACED-C54AA220DA6E}.Release|iPhone.Build.0 = Release|Any CPU
		{4C357EB3-A1AB-42FF-ACED-C54AA220DA6E}.Release|iPhone.Deploy.0 = Release|Any CPU
		{4C357EB3-A1AB-42FF-ACED-C54AA220DA6E}.Release|iPhoneSimulator.ActiveCfg = Release|Any CPU
		{4C357EB3-A1AB-42FF-ACED-C54AA220DA6E}.Release|iPhoneSimulator.Build.0 = Release|Any CPU
		{4C357EB3-A1AB-42FF-ACED-C54AA220DA6E}.Release|iPhoneSimulator.Deploy.0 = Release|Any CPU
		{4C357EB3-A1AB-42FF-ACED-C54AA220DA6E}.Release|x64.ActiveCfg = Release|Any CPU
		{4C357EB3-A1AB-42FF-ACED-C54AA220DA6E}.Release|x64.Build.0 = Release|Any CPU
		{4C357EB3-A1AB-42FF-ACED-C54AA220DA6E}.Release|x64.Deploy.0 = Release|Any CPU
		{4C357EB3-A1AB-42FF-ACED-C54AA220DA6E}.Release|x86.ActiveCfg = Release|Any CPU
		{4C357EB3-A1AB-42FF-ACED-C54AA220DA6E}.Release|x86.Build.0 = Release|Any CPU
		{4C357EB3-A1AB-42FF-ACED-C54AA220DA6E}.Release|x86.Deploy.0 = Release|Any CPU
		{3244096E-DC26-4371-A232-27B6D09C1D33}.Ad-Hoc|Any CPU.ActiveCfg = Release|Any CPU
		{3244096E-DC26-4371-A232-27B6D09C1D33}.Ad-Hoc|Any CPU.Build.0 = Release|Any CPU
		{3244096E-DC26-4371-A232-27B6D09C1D33}.Ad-Hoc|ARM.ActiveCfg = Release|Any CPU
		{3244096E-DC26-4371-A232-27B6D09C1D33}.Ad-Hoc|ARM.Build.0 = Release|Any CPU
		{3244096E-DC26-4371-A232-27B6D09C1D33}.Ad-Hoc|iPhone.ActiveCfg = Release|Any CPU
		{3244096E-DC26-4371-A232-27B6D09C1D33}.Ad-Hoc|iPhone.Build.0 = Release|Any CPU
		{3244096E-DC26-4371-A232-27B6D09C1D33}.Ad-Hoc|iPhoneSimulator.ActiveCfg = Release|Any CPU
		{3244096E-DC26-4371-A232-27B6D09C1D33}.Ad-Hoc|iPhoneSimulator.Build.0 = Release|Any CPU
		{3244096E-DC26-4371-A232-27B6D09C1D33}.Ad-Hoc|x64.ActiveCfg = Release|Any CPU
		{3244096E-DC26-4371-A232-27B6D09C1D33}.Ad-Hoc|x64.Build.0 = Release|Any CPU
		{3244096E-DC26-4371-A232-27B6D09C1D33}.Ad-Hoc|x86.ActiveCfg = Release|Any CPU
		{3244096E-DC26-4371-A232-27B6D09C1D33}.Ad-Hoc|x86.Build.0 = Release|Any CPU
		{3244096E-DC26-4371-A232-27B6D09C1D33}.AppStore|Any CPU.ActiveCfg = Release|Any CPU
		{3244096E-DC26-4371-A232-27B6D09C1D33}.AppStore|Any CPU.Build.0 = Release|Any CPU
		{3244096E-DC26-4371-A232-27B6D09C1D33}.AppStore|ARM.ActiveCfg = Release|Any CPU
		{3244096E-DC26-4371-A232-27B6D09C1D33}.AppStore|ARM.Build.0 = Release|Any CPU
		{3244096E-DC26-4371-A232-27B6D09C1D33}.AppStore|iPhone.ActiveCfg = Release|Any CPU
		{3244096E-DC26-4371-A232-27B6D09C1D33}.AppStore|iPhone.Build.0 = Release|Any CPU
		{3244096E-DC26-4371-A232-27B6D09C1D33}.AppStore|iPhoneSimulator.ActiveCfg = Release|Any CPU
		{3244096E-DC26-4371-A232-27B6D09C1D33}.AppStore|iPhoneSimulator.Build.0 = Release|Any CPU
		{3244096E-DC26-4371-A232-27B6D09C1D33}.AppStore|x64.ActiveCfg = Release|Any CPU
		{3244096E-DC26-4371-A232-27B6D09C1D33}.AppStore|x64.Build.0 = Release|Any CPU
		{3244096E-DC26-4371-A232-27B6D09C1D33}.AppStore|x86.ActiveCfg = Release|Any CPU
		{3244096E-DC26-4371-A232-27B6D09C1D33}.AppStore|x86.Build.0 = Release|Any CPU
		{3244096E-DC26-4371-A232-27B6D09C1D33}.Debug|Any CPU.ActiveCfg = Debug|Any CPU
		{3244096E-DC26-4371-A232-27B6D09C1D33}.Debug|Any CPU.Build.0 = Debug|Any CPU
		{3244096E-DC26-4371-A232-27B6D09C1D33}.Debug|ARM.ActiveCfg = Debug|Any CPU
		{3244096E-DC26-4371-A232-27B6D09C1D33}.Debug|ARM.Build.0 = Debug|Any CPU
		{3244096E-DC26-4371-A232-27B6D09C1D33}.Debug|iPhone.ActiveCfg = Debug|Any CPU
		{3244096E-DC26-4371-A232-27B6D09C1D33}.Debug|iPhone.Build.0 = Debug|Any CPU
		{3244096E-DC26-4371-A232-27B6D09C1D33}.Debug|iPhoneSimulator.ActiveCfg = Debug|Any CPU
		{3244096E-DC26-4371-A232-27B6D09C1D33}.Debug|iPhoneSimulator.Build.0 = Debug|Any CPU
		{3244096E-DC26-4371-A232-27B6D09C1D33}.Debug|x64.ActiveCfg = Debug|Any CPU
		{3244096E-DC26-4371-A232-27B6D09C1D33}.Debug|x64.Build.0 = Debug|Any CPU
		{3244096E-DC26-4371-A232-27B6D09C1D33}.Debug|x86.ActiveCfg = Debug|Any CPU
		{3244096E-DC26-4371-A232-27B6D09C1D33}.Debug|x86.Build.0 = Debug|Any CPU
		{3244096E-DC26-4371-A232-27B6D09C1D33}.Release|Any CPU.ActiveCfg = Release|Any CPU
		{3244096E-DC26-4371-A232-27B6D09C1D33}.Release|Any CPU.Build.0 = Release|Any CPU
		{3244096E-DC26-4371-A232-27B6D09C1D33}.Release|ARM.ActiveCfg = Release|Any CPU
		{3244096E-DC26-4371-A232-27B6D09C1D33}.Release|ARM.Build.0 = Release|Any CPU
		{3244096E-DC26-4371-A232-27B6D09C1D33}.Release|iPhone.ActiveCfg = Release|Any CPU
		{3244096E-DC26-4371-A232-27B6D09C1D33}.Release|iPhone.Build.0 = Release|Any CPU
		{3244096E-DC26-4371-A232-27B6D09C1D33}.Release|iPhoneSimulator.ActiveCfg = Release|Any CPU
		{3244096E-DC26-4371-A232-27B6D09C1D33}.Release|iPhoneSimulator.Build.0 = Release|Any CPU
		{3244096E-DC26-4371-A232-27B6D09C1D33}.Release|x64.ActiveCfg = Release|Any CPU
		{3244096E-DC26-4371-A232-27B6D09C1D33}.Release|x64.Build.0 = Release|Any CPU
		{3244096E-DC26-4371-A232-27B6D09C1D33}.Release|x86.ActiveCfg = Release|Any CPU
		{3244096E-DC26-4371-A232-27B6D09C1D33}.Release|x86.Build.0 = Release|Any CPU
		{031D8782-E742-41A4-9D29-B0E41DDBE91B}.Ad-Hoc|Any CPU.ActiveCfg = Release|x86
		{031D8782-E742-41A4-9D29-B0E41DDBE91B}.Ad-Hoc|Any CPU.Build.0 = Release|x86
		{031D8782-E742-41A4-9D29-B0E41DDBE91B}.Ad-Hoc|Any CPU.Deploy.0 = Release|x86
		{031D8782-E742-41A4-9D29-B0E41DDBE91B}.Ad-Hoc|ARM.ActiveCfg = Release|ARM
		{031D8782-E742-41A4-9D29-B0E41DDBE91B}.Ad-Hoc|ARM.Build.0 = Release|ARM
		{031D8782-E742-41A4-9D29-B0E41DDBE91B}.Ad-Hoc|ARM.Deploy.0 = Release|ARM
		{031D8782-E742-41A4-9D29-B0E41DDBE91B}.Ad-Hoc|iPhone.ActiveCfg = Release|x86
		{031D8782-E742-41A4-9D29-B0E41DDBE91B}.Ad-Hoc|iPhone.Build.0 = Release|x86
		{031D8782-E742-41A4-9D29-B0E41DDBE91B}.Ad-Hoc|iPhone.Deploy.0 = Release|x86
		{031D8782-E742-41A4-9D29-B0E41DDBE91B}.Ad-Hoc|iPhoneSimulator.ActiveCfg = Release|x86
		{031D8782-E742-41A4-9D29-B0E41DDBE91B}.Ad-Hoc|iPhoneSimulator.Build.0 = Release|x86
		{031D8782-E742-41A4-9D29-B0E41DDBE91B}.Ad-Hoc|iPhoneSimulator.Deploy.0 = Release|x86
		{031D8782-E742-41A4-9D29-B0E41DDBE91B}.Ad-Hoc|x64.ActiveCfg = Release|x64
		{031D8782-E742-41A4-9D29-B0E41DDBE91B}.Ad-Hoc|x64.Build.0 = Release|x64
		{031D8782-E742-41A4-9D29-B0E41DDBE91B}.Ad-Hoc|x64.Deploy.0 = Release|x64
		{031D8782-E742-41A4-9D29-B0E41DDBE91B}.Ad-Hoc|x86.ActiveCfg = Release|x86
		{031D8782-E742-41A4-9D29-B0E41DDBE91B}.Ad-Hoc|x86.Build.0 = Release|x86
		{031D8782-E742-41A4-9D29-B0E41DDBE91B}.Ad-Hoc|x86.Deploy.0 = Release|x86
		{031D8782-E742-41A4-9D29-B0E41DDBE91B}.AppStore|Any CPU.ActiveCfg = Release|x86
		{031D8782-E742-41A4-9D29-B0E41DDBE91B}.AppStore|Any CPU.Build.0 = Release|x86
		{031D8782-E742-41A4-9D29-B0E41DDBE91B}.AppStore|Any CPU.Deploy.0 = Release|x86
		{031D8782-E742-41A4-9D29-B0E41DDBE91B}.AppStore|ARM.ActiveCfg = Release|ARM
		{031D8782-E742-41A4-9D29-B0E41DDBE91B}.AppStore|ARM.Build.0 = Release|ARM
		{031D8782-E742-41A4-9D29-B0E41DDBE91B}.AppStore|ARM.Deploy.0 = Release|ARM
		{031D8782-E742-41A4-9D29-B0E41DDBE91B}.AppStore|iPhone.ActiveCfg = Release|x86
		{031D8782-E742-41A4-9D29-B0E41DDBE91B}.AppStore|iPhone.Build.0 = Release|x86
		{031D8782-E742-41A4-9D29-B0E41DDBE91B}.AppStore|iPhone.Deploy.0 = Release|x86
		{031D8782-E742-41A4-9D29-B0E41DDBE91B}.AppStore|iPhoneSimulator.ActiveCfg = Release|x86
		{031D8782-E742-41A4-9D29-B0E41DDBE91B}.AppStore|iPhoneSimulator.Build.0 = Release|x86
		{031D8782-E742-41A4-9D29-B0E41DDBE91B}.AppStore|iPhoneSimulator.Deploy.0 = Release|x86
		{031D8782-E742-41A4-9D29-B0E41DDBE91B}.AppStore|x64.ActiveCfg = Release|x64
		{031D8782-E742-41A4-9D29-B0E41DDBE91B}.AppStore|x64.Build.0 = Release|x64
		{031D8782-E742-41A4-9D29-B0E41DDBE91B}.AppStore|x64.Deploy.0 = Release|x64
		{031D8782-E742-41A4-9D29-B0E41DDBE91B}.AppStore|x86.ActiveCfg = Release|x86
		{031D8782-E742-41A4-9D29-B0E41DDBE91B}.AppStore|x86.Build.0 = Release|x86
		{031D8782-E742-41A4-9D29-B0E41DDBE91B}.AppStore|x86.Deploy.0 = Release|x86
		{031D8782-E742-41A4-9D29-B0E41DDBE91B}.Debug|Any CPU.ActiveCfg = Debug|ARM
		{031D8782-E742-41A4-9D29-B0E41DDBE91B}.Debug|Any CPU.Build.0 = Debug|ARM
		{031D8782-E742-41A4-9D29-B0E41DDBE91B}.Debug|Any CPU.Deploy.0 = Debug|ARM
		{031D8782-E742-41A4-9D29-B0E41DDBE91B}.Debug|ARM.ActiveCfg = Debug|ARM
		{031D8782-E742-41A4-9D29-B0E41DDBE91B}.Debug|ARM.Build.0 = Debug|ARM
		{031D8782-E742-41A4-9D29-B0E41DDBE91B}.Debug|ARM.Deploy.0 = Debug|ARM
		{031D8782-E742-41A4-9D29-B0E41DDBE91B}.Debug|iPhone.ActiveCfg = Debug|x86
		{031D8782-E742-41A4-9D29-B0E41DDBE91B}.Debug|iPhoneSimulator.ActiveCfg = Debug|x86
		{031D8782-E742-41A4-9D29-B0E41DDBE91B}.Debug|x64.ActiveCfg = Debug|x64
		{031D8782-E742-41A4-9D29-B0E41DDBE91B}.Debug|x64.Build.0 = Debug|x64
		{031D8782-E742-41A4-9D29-B0E41DDBE91B}.Debug|x64.Deploy.0 = Debug|x64
		{031D8782-E742-41A4-9D29-B0E41DDBE91B}.Debug|x86.ActiveCfg = Debug|x86
		{031D8782-E742-41A4-9D29-B0E41DDBE91B}.Debug|x86.Build.0 = Debug|x86
		{031D8782-E742-41A4-9D29-B0E41DDBE91B}.Debug|x86.Deploy.0 = Debug|x86
		{031D8782-E742-41A4-9D29-B0E41DDBE91B}.Release|Any CPU.ActiveCfg = Release|x86
		{031D8782-E742-41A4-9D29-B0E41DDBE91B}.Release|ARM.ActiveCfg = Release|ARM
		{031D8782-E742-41A4-9D29-B0E41DDBE91B}.Release|ARM.Build.0 = Release|ARM
		{031D8782-E742-41A4-9D29-B0E41DDBE91B}.Release|ARM.Deploy.0 = Release|ARM
		{031D8782-E742-41A4-9D29-B0E41DDBE91B}.Release|iPhone.ActiveCfg = Release|x86
		{031D8782-E742-41A4-9D29-B0E41DDBE91B}.Release|iPhoneSimulator.ActiveCfg = Release|x86
		{031D8782-E742-41A4-9D29-B0E41DDBE91B}.Release|x64.ActiveCfg = Release|x64
		{031D8782-E742-41A4-9D29-B0E41DDBE91B}.Release|x64.Build.0 = Release|x64
		{031D8782-E742-41A4-9D29-B0E41DDBE91B}.Release|x64.Deploy.0 = Release|x64
		{031D8782-E742-41A4-9D29-B0E41DDBE91B}.Release|x86.ActiveCfg = Release|x86
		{031D8782-E742-41A4-9D29-B0E41DDBE91B}.Release|x86.Build.0 = Release|x86
		{031D8782-E742-41A4-9D29-B0E41DDBE91B}.Release|x86.Deploy.0 = Release|x86
		{F6090A42-241D-4A79-B40C-60B59F772401}.Ad-Hoc|Any CPU.ActiveCfg = Ad-Hoc|iPhone
		{F6090A42-241D-4A79-B40C-60B59F772401}.Ad-Hoc|ARM.ActiveCfg = Ad-Hoc|iPhone
		{F6090A42-241D-4A79-B40C-60B59F772401}.Ad-Hoc|iPhone.ActiveCfg = Ad-Hoc|iPhone
		{F6090A42-241D-4A79-B40C-60B59F772401}.Ad-Hoc|iPhone.Build.0 = Ad-Hoc|iPhone
		{F6090A42-241D-4A79-B40C-60B59F772401}.Ad-Hoc|iPhoneSimulator.ActiveCfg = Ad-Hoc|iPhoneSimulator
		{F6090A42-241D-4A79-B40C-60B59F772401}.Ad-Hoc|iPhoneSimulator.Build.0 = Ad-Hoc|iPhoneSimulator
		{F6090A42-241D-4A79-B40C-60B59F772401}.Ad-Hoc|x64.ActiveCfg = Ad-Hoc|iPhone
		{F6090A42-241D-4A79-B40C-60B59F772401}.Ad-Hoc|x86.ActiveCfg = Ad-Hoc|iPhone
		{F6090A42-241D-4A79-B40C-60B59F772401}.AppStore|Any CPU.ActiveCfg = AppStore|iPhone
		{F6090A42-241D-4A79-B40C-60B59F772401}.AppStore|ARM.ActiveCfg = AppStore|iPhone
		{F6090A42-241D-4A79-B40C-60B59F772401}.AppStore|iPhone.ActiveCfg = AppStore|iPhone
		{F6090A42-241D-4A79-B40C-60B59F772401}.AppStore|iPhone.Build.0 = AppStore|iPhone
		{F6090A42-241D-4A79-B40C-60B59F772401}.AppStore|iPhoneSimulator.ActiveCfg = AppStore|iPhoneSimulator
		{F6090A42-241D-4A79-B40C-60B59F772401}.AppStore|iPhoneSimulator.Build.0 = AppStore|iPhoneSimulator
		{F6090A42-241D-4A79-B40C-60B59F772401}.AppStore|x64.ActiveCfg = AppStore|iPhone
		{F6090A42-241D-4A79-B40C-60B59F772401}.AppStore|x86.ActiveCfg = AppStore|iPhone
		{F6090A42-241D-4A79-B40C-60B59F772401}.Debug|Any CPU.ActiveCfg = Debug|iPhone
		{F6090A42-241D-4A79-B40C-60B59F772401}.Debug|ARM.ActiveCfg = Debug|iPhone
		{F6090A42-241D-4A79-B40C-60B59F772401}.Debug|iPhone.ActiveCfg = Debug|iPhone
		{F6090A42-241D-4A79-B40C-60B59F772401}.Debug|iPhone.Build.0 = Debug|iPhone
		{F6090A42-241D-4A79-B40C-60B59F772401}.Debug|iPhoneSimulator.ActiveCfg = Debug|iPhoneSimulator
		{F6090A42-241D-4A79-B40C-60B59F772401}.Debug|iPhoneSimulator.Build.0 = Debug|iPhoneSimulator
		{F6090A42-241D-4A79-B40C-60B59F772401}.Debug|x64.ActiveCfg = Debug|iPhone
		{F6090A42-241D-4A79-B40C-60B59F772401}.Debug|x86.ActiveCfg = Debug|iPhone
		{F6090A42-241D-4A79-B40C-60B59F772401}.Release|Any CPU.ActiveCfg = Release|iPhone
		{F6090A42-241D-4A79-B40C-60B59F772401}.Release|ARM.ActiveCfg = Release|iPhone
		{F6090A42-241D-4A79-B40C-60B59F772401}.Release|iPhone.ActiveCfg = Release|iPhone
		{F6090A42-241D-4A79-B40C-60B59F772401}.Release|iPhone.Build.0 = Release|iPhone
		{F6090A42-241D-4A79-B40C-60B59F772401}.Release|iPhoneSimulator.ActiveCfg = Release|iPhoneSimulator
		{F6090A42-241D-4A79-B40C-60B59F772401}.Release|iPhoneSimulator.Build.0 = Release|iPhoneSimulator
		{F6090A42-241D-4A79-B40C-60B59F772401}.Release|x64.ActiveCfg = Release|iPhone
		{F6090A42-241D-4A79-B40C-60B59F772401}.Release|x86.ActiveCfg = Release|iPhone
	EndGlobalSection
	GlobalSection(SolutionProperties) = preSolution
		HideSolutionNode = FALSE
	EndGlobalSection
EndGlobal
